<?xml version="1.0" encoding="UTF-8" standalone="yes" ?>
<CodeBlocks_project_file>
	<FileVersion major="1" minor="6" />
	<Project>
		<Option title="epuckCoordinatesByGSM" />
		<Option makefile_is_custom="1" />
		<Option pch_mode="2" />
		<Option compiler="clang" />
		<Option virtualFolders="catkin/;_machine/;" />
		<MakeCommands>
			<Build command="" />
			<CompileFile command="" />
			<Clean command="$catkin_ws/catkin_clean_script.sh" />
			<DistClean command="$make -f $makefile distclean$target" />
			<AskRebuildNeeded command="" />
			<SilentBuild command=" &gt; $(CMD_NULL)" />
		</MakeCommands>
		<Build>
			<Target title="catkin_DEBUG">
				<Option output="epuckCoordinatesByGSM" prefix_auto="1" extension_auto="1" />
				<Option object_output="obj/Debug/" />
				<Option type="1" />
				<Option compiler="clang" />
				<Compiler>
					<Add option="-g" />
				</Compiler>
				<MakeCommands>
					<Build command="$catkin_ws/catkin_make_script.sh  catkin $catkin_ws $PROJECTDIR Debug" />
					<CompileFile command="" />
					<Clean command="" />
					<DistClean command="$make -f $makefile distclean$target" />
					<AskRebuildNeeded command="" />
					<SilentBuild command="$catkin_ws/catkin_make_script.sh  catkin $catkin_ws $PROJECTDIR Debug &gt; $(CMD_NULL)" />
				</MakeCommands>
			</Target>
			<Target title="catkin_RELEASE">
				<Option output="epuckCoordinatesByGSM" prefix_auto="1" extension_auto="1" />
				<Option object_output="obj/Release/" />
				<Option type="1" />
				<Option compiler="clang" />
				<Compiler>
					<Add option="-O2" />
				</Compiler>
				<Linker>
					<Add option="-s" />
				</Linker>
				<MakeCommands>
					<Build command="$catkin_ws/catkin_make_script.sh  catkin $catkin_ws $PROJECTDIR Release" />
					<CompileFile command="" />
					<Clean command="" />
					<DistClean command="$make -f $makefile distclean$target" />
					<AskRebuildNeeded command="" />
					<SilentBuild command="$catkin_ws/catkin_make_script.sh  catkin $catkin_ws $PROJECTDIR Release &gt; $(CMD_NULL)" />
				</MakeCommands>
			</Target>
			<Target title="catkin_make_DEBUG">
				<Option output="epuckCoordinatesByGSM" prefix_auto="1" extension_auto="1" />
				<Option object_output="obj/Debug/" />
				<Option type="1" />
				<Option compiler="clang" />
				<Compiler>
					<Add option="-g" />
				</Compiler>
				<MakeCommands>
					<Build command="$catkin_ws/catkin_make_script.sh  catkin_make $catkin_ws $PROJECTDIR Debug" />
					<CompileFile command="" />
					<Clean command="" />
					<DistClean command="$make -f $makefile distclean$target" />
					<AskRebuildNeeded command="" />
					<SilentBuild command="$catkin_ws/catkin_make_script.sh  catkin_make $catkin_ws $PROJECTDIR Debug &gt; $(CMD_NULL)" />
				</MakeCommands>
			</Target>
			<Target title="catkin_make_RELEASE">
				<Option output="epuckCoordinatesByGSM" prefix_auto="1" extension_auto="1" />
				<Option object_output="obj/Release/" />
				<Option type="1" />
				<Option compiler="clang" />
				<Compiler>
					<Add option="-O2" />
				</Compiler>
				<Linker>
					<Add option="-s" />
				</Linker>
				<MakeCommands>
					<Build command="$catkin_ws/catkin_make_script.sh  catkin_make $catkin_ws $PROJECTDIR Release" />
					<CompileFile command="" />
					<Clean command="" />
					<DistClean command="$make -f $makefile distclean$target" />
					<AskRebuildNeeded command="" />
					<SilentBuild command="$catkin_ws/catkin_make_script.sh  catkin_make $catkin_ws $PROJECTDIR Release &gt; $(CMD_NULL)" />
				</MakeCommands>
			</Target>
			<Environment>
				<Variable name="catkin_exe" value="$workspacedir/devel/lib/$project_name" />
				<Variable name="catkin_ws" value="$workspacedir" />
			</Environment>
		</Build>
		<Compiler>
			<Add option="-Weverything" />
		</Compiler>
		<ExtraCommands>
			<Add before="cd $catkin_ws/src/gusimplewhiteboard/include/typeClassDefs &amp;&amp; ~/guwhiteboardtypegenerator" />
			<Add after="cd $workspacedir &amp;&amp; ./make_machine_symlinks.sh" />
		</ExtraCommands>
		<Unit filename="CMakeLists.txt">
			<Option virtualFolder="catkin/" />
		</Unit>
		<Unit filename="IncludePath">
			<Option virtualFolder="_machine/" />
		</Unit>
		<Unit filename="Layout.plist" />
		<Unit filename="State_Are_We_Travelling.h" />
		<Unit filename="State_Are_We_Travelling.mm" />
		<Unit filename="State_Are_We_Travelling_Includes.h" />
		<Unit filename="State_Are_We_Travelling_Internal.mm" />
		<Unit filename="State_Are_We_Travelling_OnEntry.mm" />
		<Unit filename="State_Are_We_Travelling_OnExit.mm" />
		<Unit filename="State_Are_We_Travelling_Transition_0.expr" />
		<Unit filename="State_Are_We_Travelling_VarRefs.mm" />
		<Unit filename="State_Are_We_Travelling_Variables.h" />
		<Unit filename="State_Detected_Intersection.h" />
		<Unit filename="State_Detected_Intersection.mm" />
		<Unit filename="State_Detected_Intersection_Includes.h" />
		<Unit filename="State_Detected_Intersection_Internal.mm" />
		<Unit filename="State_Detected_Intersection_OnEntry.mm" />
		<Unit filename="State_Detected_Intersection_OnExit.mm" />
		<Unit filename="State_Detected_Intersection_Transition_0.expr" />
		<Unit filename="State_Detected_Intersection_VarRefs.mm" />
		<Unit filename="State_Detected_Intersection_Variables.h" />
		<Unit filename="State_Entering_Intersection.h" />
		<Unit filename="State_Entering_Intersection.mm" />
		<Unit filename="State_Entering_Intersection_Includes.h" />
		<Unit filename="State_Entering_Intersection_Internal.mm" />
		<Unit filename="State_Entering_Intersection_OnEntry.mm" />
		<Unit filename="State_Entering_Intersection_OnExit.mm" />
		<Unit filename="State_Entering_Intersection_Transition_0.expr" />
		<Unit filename="State_Entering_Intersection_Transition_1.expr" />
		<Unit filename="State_Entering_Intersection_VarRefs.mm" />
		<Unit filename="State_Entering_Intersection_Variables.h" />
		<Unit filename="State_Initial.h" />
		<Unit filename="State_Initial.mm" />
		<Unit filename="State_InitialPseudoState.h" />
		<Unit filename="State_InitialPseudoState.mm" />
		<Unit filename="State_InitialPseudoState_Includes.h" />
		<Unit filename="State_InitialPseudoState_Internal.mm" />
		<Unit filename="State_InitialPseudoState_OnEntry.mm" />
		<Unit filename="State_InitialPseudoState_OnExit.mm" />
		<Unit filename="State_InitialPseudoState_Transition_0.expr" />
		<Unit filename="State_InitialPseudoState_VarRefs.mm" />
		<Unit filename="State_InitialPseudoState_Variables.h" />
		<Unit filename="State_Initial_Includes.h" />
		<Unit filename="State_Initial_Internal.mm" />
		<Unit filename="State_Initial_OnEntry.mm" />
		<Unit filename="State_Initial_OnExit.mm" />
		<Unit filename="State_Initial_Transition_0.expr" />
		<Unit filename="State_Initial_VarRefs.mm" />
		<Unit filename="State_Initial_Variables.h" />
		<Unit filename="State_Moved_Down.h" />
		<Unit filename="State_Moved_Down.mm" />
		<Unit filename="State_Moved_Down_Includes.h" />
		<Unit filename="State_Moved_Down_Internal.mm" />
		<Unit filename="State_Moved_Down_OnEntry.mm" />
		<Unit filename="State_Moved_Down_OnExit.mm" />
		<Unit filename="State_Moved_Down_Transition_0.expr" />
		<Unit filename="State_Moved_Down_VarRefs.mm" />
		<Unit filename="State_Moved_Down_Variables.h" />
		<Unit filename="State_Moved_Left.h" />
		<Unit filename="State_Moved_Left.mm" />
		<Unit filename="State_Moved_Left_Includes.h" />
		<Unit filename="State_Moved_Left_Internal.mm" />
		<Unit filename="State_Moved_Left_OnEntry.mm" />
		<Unit filename="State_Moved_Left_OnExit.mm" />
		<Unit filename="State_Moved_Left_Transition_0.expr" />
		<Unit filename="State_Moved_Left_VarRefs.mm" />
		<Unit filename="State_Moved_Left_Variables.h" />
		<Unit filename="State_Moved_Right.h" />
		<Unit filename="State_Moved_Right.mm" />
		<Unit filename="State_Moved_Right_Includes.h" />
		<Unit filename="State_Moved_Right_Internal.mm" />
		<Unit filename="State_Moved_Right_OnEntry.mm" />
		<Unit filename="State_Moved_Right_OnExit.mm" />
		<Unit filename="State_Moved_Right_Transition_0.expr" />
		<Unit filename="State_Moved_Right_VarRefs.mm" />
		<Unit filename="State_Moved_Right_Variables.h" />
		<Unit filename="State_Moved_Up.h" />
		<Unit filename="State_Moved_Up.mm" />
		<Unit filename="State_Moved_Up_Includes.h" />
		<Unit filename="State_Moved_Up_Internal.mm" />
		<Unit filename="State_Moved_Up_OnEntry.mm" />
		<Unit filename="State_Moved_Up_OnExit.mm" />
		<Unit filename="State_Moved_Up_Transition_0.expr" />
		<Unit filename="State_Moved_Up_VarRefs.mm" />
		<Unit filename="State_Moved_Up_Variables.h" />
		<Unit filename="State_Not_Detected_Intersection.h" />
		<Unit filename="State_Not_Detected_Intersection.mm" />
		<Unit filename="State_Not_Detected_Intersection_Includes.h" />
		<Unit filename="State_Not_Detected_Intersection_Internal.mm" />
		<Unit filename="State_Not_Detected_Intersection_OnEntry.mm" />
		<Unit filename="State_Not_Detected_Intersection_OnExit.mm" />
		<Unit filename="State_Not_Detected_Intersection_Transition_0.expr" />
		<Unit filename="State_Not_Detected_Intersection_VarRefs.mm" />
		<Unit filename="State_Not_Detected_Intersection_Variables.h" />
		<Unit filename="State_Observe.h" />
		<Unit filename="State_Observe.mm" />
		<Unit filename="State_Observe_Includes.h" />
		<Unit filename="State_Observe_Internal.mm" />
		<Unit filename="State_Observe_OnEntry.mm" />
		<Unit filename="State_Observe_OnExit.mm" />
		<Unit filename="State_Observe_Transition_0.expr" />
		<Unit filename="State_Observe_Transition_1.expr" />
		<Unit filename="State_Observe_Transition_2.expr" />
		<Unit filename="State_Observe_VarRefs.mm" />
		<Unit filename="State_Observe_Variables.h" />
		<Unit filename="State_SUSPENDED.h" />
		<Unit filename="State_SUSPENDED.mm" />
		<Unit filename="State_SUSPENDED_Includes.h" />
		<Unit filename="State_SUSPENDED_Internal.mm" />
		<Unit filename="State_SUSPENDED_OnEntry.mm" />
		<Unit filename="State_SUSPENDED_OnExit.mm" />
		<Unit filename="State_SUSPENDED_VarRefs.mm" />
		<Unit filename="State_SUSPENDED_Variables.h" />
		<Unit filename="State_State_10.h" />
		<Unit filename="State_State_12.h" />
		<Unit filename="State_State_7.h" />
		<Unit filename="State_State_8.h" />
		<Unit filename="State_State_9.h" />
		<Unit filename="State_Update_Coordinates.h" />
		<Unit filename="State_Update_Coordinates.mm" />
		<Unit filename="State_Update_Coordinates_Includes.h" />
		<Unit filename="State_Update_Coordinates_Internal.mm" />
		<Unit filename="State_Update_Coordinates_OnEntry.mm" />
		<Unit filename="State_Update_Coordinates_OnExit.mm" />
		<Unit filename="State_Update_Coordinates_Transition_0.expr" />
		<Unit filename="State_Update_Coordinates_Transition_1.expr" />
		<Unit filename="State_Update_Coordinates_Transition_2.expr" />
		<Unit filename="State_Update_Coordinates_Transition_3.expr" />
		<Unit filename="State_Update_Coordinates_VarRefs.mm" />
		<Unit filename="State_Update_Coordinates_Variables.h" />
		<Unit filename="States">
			<Option virtualFolder="_machine/" />
		</Unit>
		<Unit filename="WindowLayout.plist" />
		<Unit filename="epuckCoordinatesByGSM.h">
			<Option virtualFolder="_machine/" />
		</Unit>
		<Unit filename="epuckCoordinatesByGSM.mm">
			<Option virtualFolder="_machine/" />
		</Unit>
		<Unit filename="epuckCoordinatesByGSM_Includes.h">
			<Option virtualFolder="_machine/" />
		</Unit>
		<Unit filename="epuckCoordinatesByGSM_VarRefs.mm">
			<Option virtualFolder="_machine/" />
		</Unit>
		<Unit filename="epuckCoordinatesByGSM_Variables.h">
			<Option virtualFolder="_machine/" />
		</Unit>
		<Unit filename="package.xml">
			<Option virtualFolder="catkin/" />
		</Unit>
		<Extensions>
			<envvars />
			<code_completion />
			<lib_finder disable_auto="1" />
			<debugger />
		</Extensions>
	</Project>
</CodeBlocks_project_file>
